
Microsoft Visual Studio Solution File, Format Version 12.00
# Visual Studio Version 16
VisualStudioVersion = 16.0.31702.278
MinimumVisualStudioVersion = 10.0.40219.1
Project("{9A19103F-16F7-4668-BE54-9A1E7A4F7556}") = "Wep_Api_Mvc_Core_Docker", "Wep_Api_Mvc_Core_Docker\Wep_Api_Mvc_Core_Docker.csproj", "{FF172548-FC74-4DD8-860F-AE35F79E64D5}"
EndProject
Project("{9A19103F-16F7-4668-BE54-9A1E7A4F7556}") = "Core", "Core\Core.csproj", "{E989B963-B8F0-4348-BE7E-204922D1F11C}"
EndProject
Project("{9A19103F-16F7-4668-BE54-9A1E7A4F7556}") = "Data", "Data\Data.csproj", "{BFB356DA-913B-4090-81F2-A913768A230C}"
EndProject
Project("{9A19103F-16F7-4668-BE54-9A1E7A4F7556}") = "Service", "Service\Service.csproj", "{8FB769C6-5E34-4024-8AC3-C79161E411A2}"
EndProject
Project("{FAE04EC0-301F-11D3-BF4B-00C04F79EFBC}") = "Web", "Web\Web.csproj", "{94AC892D-E964-4903-836D-93BDA2930A5C}"
EndProject
Global
	GlobalSection(SolutionConfigurationPlatforms) = preSolution
		Debug|Any CPU = Debug|Any CPU
		Release|Any CPU = Release|Any CPU
	EndGlobalSection
	GlobalSection(ProjectConfigurationPlatforms) = postSolution
		{FF172548-FC74-4DD8-860F-AE35F79E64D5}.Debug|Any CPU.ActiveCfg = Debug|Any CPU
		{FF172548-FC74-4DD8-860F-AE35F79E64D5}.Debug|Any CPU.Build.0 = Debug|Any CPU
		{FF172548-FC74-4DD8-860F-AE35F79E64D5}.Release|Any CPU.ActiveCfg = Release|Any CPU
		{FF172548-FC74-4DD8-860F-AE35F79E64D5}.Release|Any CPU.Build.0 = Release|Any CPU
		{E989B963-B8F0-4348-BE7E-204922D1F11C}.Debug|Any CPU.ActiveCfg = Debug|Any CPU
		{E989B963-B8F0-4348-BE7E-204922D1F11C}.Debug|Any CPU.Build.0 = Debug|Any CPU
		{E989B963-B8F0-4348-BE7E-204922D1F11C}.Release|Any CPU.ActiveCfg = Release|Any CPU
		{E989B963-B8F0-4348-BE7E-204922D1F11C}.Release|Any CPU.Build.0 = Release|Any CPU
		{BFB356DA-913B-4090-81F2-A913768A230C}.Debug|Any CPU.ActiveCfg = Debug|Any CPU
		{BFB356DA-913B-4090-81F2-A913768A230C}.Debug|Any CPU.Build.0 = Debug|Any CPU
		{BFB356DA-913B-4090-81F2-A913768A230C}.Release|Any CPU.ActiveCfg = Release|Any CPU
		{BFB356DA-913B-4090-81F2-A913768A230C}.Release|Any CPU.Build.0 = Release|Any CPU
		{8FB769C6-5E34-4024-8AC3-C79161E411A2}.Debug|Any CPU.ActiveCfg = Debug|Any CPU
		{8FB769C6-5E34-4024-8AC3-C79161E411A2}.Debug|Any CPU.Build.0 = Debug|Any CPU
		{8FB769C6-5E34-4024-8AC3-C79161E411A2}.Release|Any CPU.ActiveCfg = Release|Any CPU
		{8FB769C6-5E34-4024-8AC3-C79161E411A2}.Release|Any CPU.Build.0 = Release|Any CPU
		{94AC892D-E964-4903-836D-93BDA2930A5C}.Debug|Any CPU.ActiveCfg = Debug|Any CPU
		{94AC892D-E964-4903-836D-93BDA2930A5C}.Debug|Any CPU.Build.0 = Debug|Any CPU
		{94AC892D-E964-4903-836D-93BDA2930A5C}.Release|Any CPU.ActiveCfg = Release|Any CPU
		{94AC892D-E964-4903-836D-93BDA2930A5C}.Release|Any CPU.Build.0 = Release|Any CPU
	EndGlobalSection
	GlobalSection(SolutionProperties) = preSolution
		HideSolutionNode = FALSE
	EndGlobalSection
	GlobalSection(ExtensibilityGlobals) = postSolution
		SolutionGuid = {2260C6D6-79AF-4747-A4B8-8522B4C77B59}
	EndGlobalSection
EndGlobal
