
Microsoft Visual Studio Solution File, Format Version 12.00
# Visual Studio Version 16
VisualStudioVersion = 16.0.31702.278
MinimumVisualStudioVersion = 10.0.40219.1
Project("{FAE04EC0-301F-11D3-BF4B-00C04F79EFBC}") = "DemirliTatilSitesi", "DemirliTatilSitesi\DemirliTatilSitesi.csproj", "{8CB977C6-D7F7-4FD8-AF96-E5CE04C60F6E}"
EndProject
Project("{FAE04EC0-301F-11D3-BF4B-00C04F79EFBC}") = "Core", "Core\Core.csproj", "{06AAF8BE-12BD-4C12-AE86-C04736109869}"
EndProject
Project("{FAE04EC0-301F-11D3-BF4B-00C04F79EFBC}") = "Data", "Data\Data.csproj", "{8953F85C-E1C6-44CA-815A-EB90106B9083}"
EndProject
Project("{FAE04EC0-301F-11D3-BF4B-00C04F79EFBC}") = "Services", "Services\Services.csproj", "{482D3224-1692-4714-AFFC-E8FFB355F844}"
EndProject
Project("{FAE04EC0-301F-11D3-BF4B-00C04F79EFBC}") = "SharedLibrary", "SharedLibrary\SharedLibrary.csproj", "{48A476A4-29C0-4A1B-99E2-9FFF665A494D}"
EndProject
Global
	GlobalSection(SolutionConfigurationPlatforms) = preSolution
		Debug|Any CPU = Debug|Any CPU
		Release|Any CPU = Release|Any CPU
	EndGlobalSection
	GlobalSection(ProjectConfigurationPlatforms) = postSolution
		{8CB977C6-D7F7-4FD8-AF96-E5CE04C60F6E}.Debug|Any CPU.ActiveCfg = Debug|Any CPU
		{8CB977C6-D7F7-4FD8-AF96-E5CE04C60F6E}.Debug|Any CPU.Build.0 = Debug|Any CPU
		{8CB977C6-D7F7-4FD8-AF96-E5CE04C60F6E}.Release|Any CPU.ActiveCfg = Release|Any CPU
		{8CB977C6-D7F7-4FD8-AF96-E5CE04C60F6E}.Release|Any CPU.Build.0 = Release|Any CPU
		{06AAF8BE-12BD-4C12-AE86-C04736109869}.Debug|Any CPU.ActiveCfg = Debug|Any CPU
		{06AAF8BE-12BD-4C12-AE86-C04736109869}.Debug|Any CPU.Build.0 = Debug|Any CPU
		{06AAF8BE-12BD-4C12-AE86-C04736109869}.Release|Any CPU.ActiveCfg = Release|Any CPU
		{06AAF8BE-12BD-4C12-AE86-C04736109869}.Release|Any CPU.Build.0 = Release|Any CPU
		{8953F85C-E1C6-44CA-815A-EB90106B9083}.Debug|Any CPU.ActiveCfg = Debug|Any CPU
		{8953F85C-E1C6-44CA-815A-EB90106B9083}.Debug|Any CPU.Build.0 = Debug|Any CPU
		{8953F85C-E1C6-44CA-815A-EB90106B9083}.Release|Any CPU.ActiveCfg = Release|Any CPU
		{8953F85C-E1C6-44CA-815A-EB90106B9083}.Release|Any CPU.Build.0 = Release|Any CPU
		{482D3224-1692-4714-AFFC-E8FFB355F844}.Debug|Any CPU.ActiveCfg = Debug|Any CPU
		{482D3224-1692-4714-AFFC-E8FFB355F844}.Debug|Any CPU.Build.0 = Debug|Any CPU
		{482D3224-1692-4714-AFFC-E8FFB355F844}.Release|Any CPU.ActiveCfg = Release|Any CPU
		{482D3224-1692-4714-AFFC-E8FFB355F844}.Release|Any CPU.Build.0 = Release|Any CPU
		{48A476A4-29C0-4A1B-99E2-9FFF665A494D}.Debug|Any CPU.ActiveCfg = Debug|Any CPU
		{48A476A4-29C0-4A1B-99E2-9FFF665A494D}.Debug|Any CPU.Build.0 = Debug|Any CPU
		{48A476A4-29C0-4A1B-99E2-9FFF665A494D}.Release|Any CPU.ActiveCfg = Release|Any CPU
		{48A476A4-29C0-4A1B-99E2-9FFF665A494D}.Release|Any CPU.Build.0 = Release|Any CPU
	EndGlobalSection
	GlobalSection(SolutionProperties) = preSolution
		HideSolutionNode = FALSE
	EndGlobalSection
	GlobalSection(ExtensibilityGlobals) = postSolution
		SolutionGuid = {6CA19054-CD40-4E88-91B6-D7CD363B2AD7}
	EndGlobalSection
EndGlobal
