
Microsoft Visual Studio Solution File, Format Version 12.00
# Visual Studio Version 16
VisualStudioVersion = 16.0.32228.343
MinimumVisualStudioVersion = 10.0.40219.1
Project("{FAE04EC0-301F-11D3-BF4B-00C04F79EFBC}") = "Jquert1", "Jquert1\Jquert1.csproj", "{FC993C4B-8EB8-421F-8CF3-FFB6D4302A99}"
EndProject
Global
	GlobalSection(SolutionConfigurationPlatforms) = preSolution
		Debug|Any CPU = Debug|Any CPU
		Release|Any CPU = Release|Any CPU
	EndGlobalSection
	GlobalSection(ProjectConfigurationPlatforms) = postSolution
		{FC993C4B-8EB8-421F-8CF3-FFB6D4302A99}.Debug|Any CPU.ActiveCfg = Debug|Any CPU
		{FC993C4B-8EB8-421F-8CF3-FFB6D4302A99}.Debug|Any CPU.Build.0 = Debug|Any CPU
		{FC993C4B-8EB8-421F-8CF3-FFB6D4302A99}.Release|Any CPU.ActiveCfg = Release|Any CPU
		{FC993C4B-8EB8-421F-8CF3-FFB6D4302A99}.Release|Any CPU.Build.0 = Release|Any CPU
	EndGlobalSection
	GlobalSection(SolutionProperties) = preSolution
		HideSolutionNode = FALSE
	EndGlobalSection
	GlobalSection(ExtensibilityGlobals) = postSolution
		SolutionGuid = {64743C86-B825-41E9-80E8-C43A72FD23F6}
	EndGlobalSection
EndGlobal
